// !$*UTF8*$!
{
	archiveVersion = 1;
	classes = {
	};
	objectVersion = 46;
	objects = {

/* Begin PBXBuildFile section */
		FABFF6CA1DD0F73D00C2FF17 /* main.cpp in Sources */ = {isa = PBXBuildFile; fileRef = FABFF6C91DD0F73D00C2FF17 /* main.cpp */; };
		FABFF6D21DD0F8ED00C2FF17 /* replace.cpp in Sources */ = {isa = PBXBuildFile; fileRef = FABFF6D01DD0F8ED00C2FF17 /* replace.cpp */; };
		FABFF6D61DD125CC00C2FF17 /* fileloader.cpp in Sources */ = {isa = PBXBuildFile; fileRef = FABFF6D41DD125CC00C2FF17 /* fileloader.cpp */; };
/* End PBXBuildFile section */

/* Begin PBXCopyFilesBuildPhase section */
		FABFF6C41DD0F73C00C2FF17 /* CopyFiles */ = {
			isa = PBXCopyFilesBuildPhase;
			buildActionMask = 2147483647;
			dstPath = /usr/share/man/man1/;
			dstSubfolderSpec = 0;
			files = (
			);
			runOnlyForDeploymentPostprocessing = 1;
		};
/* End PBXCopyFilesBuildPhase section */

/* Begin PBXFileReference section */
		FABFF6C61DD0F73D00C2FF17 /* a4-code-html-safe */ = {isa = PBXFileReference; explicitFileType = "compiled.mach-o.executable"; includeInIndex = 0; path = "a4-code-html-safe"; sourceTree = BUILT_PRODUCTS_DIR; };
		FABFF6C91DD0F73D00C2FF17 /* main.cpp */ = {isa = PBXFileReference; lastKnownFileType = sourcecode.cpp.cpp; path = main.cpp; sourceTree = "<group>"; };
		FABFF6D01DD0F8ED00C2FF17 /* replace.cpp */ = {isa = PBXFileReference; fileEncoding = 4; lastKnownFileType = sourcecode.cpp.cpp; path = replace.cpp; sourceTree = "<group>"; };
		FABFF6D11DD0F8ED00C2FF17 /* replace.hpp */ = {isa = PBXFileReference; fileEncoding = 4; lastKnownFileType = sourcecode.cpp.h; path = replace.hpp; sourceTree = "<group>"; };
		FABFF6D31DD1165800C2FF17 /* contants.h */ = {isa = PBXFileReference; lastKnownFileType = sourcecode.c.h; name = contants.h; path = ../contants.h; sourceTree = "<group>"; };
		FABFF6D41DD125CC00C2FF17 /* fileloader.cpp */ = {isa = PBXFileReference; fileEncoding = 4; lastKnownFileType = sourcecode.cpp.cpp; path = fileloader.cpp; sourceTree = "<group>"; };
		FABFF6D51DD125CC00C2FF17 /* fileloader.hpp */ = {isa = PBXFileReference; fileEncoding = 4; lastKnownFileType = sourcecode.cpp.h; path = fileloader.hpp; sourceTree = "<group>"; };
/* End PBXFileReference section */

/* Begin PBXFrameworksBuildPhase section */
		FABFF6C31DD0F73C00C2FF17 /* Frameworks */ = {
			isa = PBXFrameworksBuildPhase;
			buildActionMask = 2147483647;
			files = (
			);
			runOnlyForDeploymentPostprocessing = 0;
		};
/* End PBXFrameworksBuildPhase section */

/* Begin PBXGroup section */
		FABFF6BD1DD0F73C00C2FF17 = {
			isa = PBXGroup;
			children = (
				FABFF6C81DD0F73D00C2FF17 /* a4-code-html-safe */,
				FABFF6C71DD0F73D00C2FF17 /* Products */,
			);
			sourceTree = "<group>";
		};
		FABFF6C71DD0F73D00C2FF17 /* Products */ = {
			isa = PBXGroup;
			children = (
				FABFF6C61DD0F73D00C2FF17 /* a4-code-html-safe */,
			);
			name = Products;
			sourceTree = "<group>";
		};
		FABFF6C81DD0F73D00C2FF17 /* a4-code-html-safe */ = {
			isa = PBXGroup;
			children = (
				FABFF6D31DD1165800C2FF17 /* contants.h */,
				FABFF6C91DD0F73D00C2FF17 /* main.cpp */,
				FABFF6D01DD0F8ED00C2FF17 /* replace.cpp */,
				FABFF6D11DD0F8ED00C2FF17 /* replace.hpp */,
				FABFF6D41DD125CC00C2FF17 /* fileloader.cpp */,
				FABFF6D51DD125CC00C2FF17 /* fileloader.hpp */,
			);
			path = "a4-code-html-safe";
			sourceTree = "<group>";
		};
/* End PBXGroup section */

/* Begin PBXNativeTarget section */
		FABFF6C51DD0F73C00C2FF17 /* a4-code-html-safe */ = {
			isa = PBXNativeTarget;
			buildConfigurationList = FABFF6CD1DD0F73D00C2FF17 /* Build configuration list for PBXNativeTarget "a4-code-html-safe" */;
			buildPhases = (
				FABFF6C21DD0F73C00C2FF17 /* Sources */,
				FABFF6C31DD0F73C00C2FF17 /* Frameworks */,
				FABFF6C41DD0F73C00C2FF17 /* CopyFiles */,
			);
			buildRules = (
			);
			dependencies = (
			);
			name = "a4-code-html-safe";
			productName = "a4-code-html-safe";
			productReference = FABFF6C61DD0F73D00C2FF17 /* a4-code-html-safe */;
			productType = "com.apple.product-type.tool";
		};
/* End PBXNativeTarget section */

/* Begin PBXProject section */
		FABFF6BE1DD0F73C00C2FF17 /* Project object */ = {
			isa = PBXProject;
			attributes = {
				LastUpgradeCheck = 0810;
				ORGANIZATIONNAME = "Alexander Cochrane";
				TargetAttributes = {
					FABFF6C51DD0F73C00C2FF17 = {
						CreatedOnToolsVersion = 8.1;
						ProvisioningStyle = Automatic;
					};
				};
			};
			buildConfigurationList = FABFF6C11DD0F73C00C2FF17 /* Build configuration list for PBXProject "a4-code-html-safe" */;
			compatibilityVersion = "Xcode 3.2";
			developmentRegion = English;
			hasScannedForEncodings = 0;
			knownRegions = (
				en,
			);
			mainGroup = FABFF6BD1DD0F73C00C2FF17;
			productRefGroup = FABFF6C71DD0F73D00C2FF17 /* Products */;
			projectDirPath = "";
			projectRoot = "";
			targets = (
				FABFF6C51DD0F73C00C2FF17 /* a4-code-html-safe */,
			);
		};
/* End PBXProject section */

/* Begin PBXSourcesBuildPhase section */
		FABFF6C21DD0F73C00C2FF17 /* Sources */ = {
			isa = PBXSourcesBuildPhase;
			buildActionMask = 2147483647;
			files = (
				FABFF6D61DD125CC00C2FF17 /* fileloader.cpp in Sources */,
				FABFF6D21DD0F8ED00C2FF17 /* replace.cpp in Sources */,
				FABFF6CA1DD0F73D00C2FF17 /* main.cpp in Sources */,
			);
			runOnlyForDeploymentPostprocessing = 0;
		};
/* End PBXSourcesBuildPhase section */

/* Begin XCBuildConfiguration section */
		FABFF6CB1DD0F73D00C2FF17 /* Debug */ = {
			isa = XCBuildConfiguration;
			buildSettings = {
				ALWAYS_SEARCH_USER_PATHS = NO;
				CLANG_ANALYZER_NONNULL = YES;
				CLANG_CXX_LANGUAGE_STANDARD = "gnu++0x";
				CLANG_CXX_LIBRARY = "libc++";
				CLANG_ENABLE_MODULES = YES;
				CLANG_ENABLE_OBJC_ARC = YES;
				CLANG_WARN_BOOL_CONVERSION = YES;
				CLANG_WARN_CONSTANT_CONVERSION = YES;
				CLANG_WARN_DIRECT_OBJC_ISA_USAGE = YES_ERROR;
				CLANG_WARN_DOCUMENTATION_COMMENTS = YES;
				CLANG_WARN_EMPTY_BODY = YES;
				CLANG_WARN_ENUM_CONVERSION = YES;
				CLANG_WARN_INFINITE_RECURSION = YES;
				CLANG_WARN_INT_CONVERSION = YES;
				CLANG_WARN_OBJC_ROOT_CLASS = YES_ERROR;
				CLANG_WARN_SUSPICIOUS_MOVES = YES;
				CLANG_WARN_UNREACHABLE_CODE = YES;
				CLANG_WARN__DUPLICATE_METHOD_MATCH = YES;
				CODE_SIGN_IDENTITY = "-";
				COPY_PHASE_STRIP = NO;
				DEBUG_INFORMATION_FORMAT = dwarf;
				ENABLE_STRICT_OBJC_MSGSEND = YES;
				ENABLE_TESTABILITY = YES;
				GCC_C_LANGUAGE_STANDARD = gnu99;
				GCC_DYNAMIC_NO_PIC = NO;
				GCC_NO_COMMON_BLOCKS = YES;
				GCC_OPTIMIZATION_LEVEL = 0;
				GCC_PREPROCESSOR_DEFINITIONS = (
					"DEBUG=1",
					"$(inherited)",
				);
				GCC_WARN_64_TO_32_BIT_CONVERSION = YES;
				GCC_WARN_ABOUT_RETURN_TYPE = YES_ERROR;
				GCC_WARN_UNDECLARED_SELECTOR = YES;
				GCC_WARN_UNINITIALIZED_AUTOS = YES_AGGRESSIVE;
				GCC_WARN_UNUSED_FUNCTION = YES;
				GCC_WARN_UNUSED_VARIABLE = YES;
				MACOSX_DEPLOYMENT_TARGET = 10.12;
				MTL_ENABLE_DEBUG_INFO = YES;
				ONLY_ACTIVE_ARCH = YES;
				SDKROOT = macosx;
			};
			name = Debug;
		};
		FABFF6CC1DD0F73D00C2FF17 /* Release */ = {
			isa = XCBuildConfiguration;
			buildSettings = {
				ALWAYS_SEARCH_USER_PATHS = NO;
				CLANG_ANALYZER_NONNULL = YES;
				CLANG_CXX_LANGUAGE_STANDARD = "gnu++0x";
				CLANG_CXX_LIBRARY = "libc++";
				CLANG_ENABLE_MODULES = YES;
				CLANG_ENABLE_OBJC_ARC = YES;
				CLANG_WARN_BOOL_CONVERSION = YES;
				CLANG_WARN_CONSTANT_CONVERSION = YES;
				CLANG_WARN_DIRECT_OBJC_ISA_USAGE = YES_ERROR;
				CLANG_WARN_DOCUMENTATION_COMMENTS = YES;
				CLANG_WARN_EMPTY_BODY = YES;
				CLANG_WARN_ENUM_CONVERSION = YES;
				CLANG_WARN_INFINITE_RECURSION = YES;
				CLANG_WARN_INT_CONVERSION = YES;
				CLANG_WARN_OBJC_ROOT_CLASS = YES_ERROR;
				CLANG_WARN_SUSPICIOUS_MOVES = YES;
				CLANG_WARN_UNREACHABLE_CODE = YES;
				CLANG_WARN__DUPLICATE_METHOD_MATCH = YES;
				CODE_SIGN_IDENTITY = "-";
				COPY_PHASE_STRIP = NO;
				DEBUG_INFORMATION_FORMAT = "dwarf-with-dsym";
				ENABLE_NS_ASSERTIONS = NO;
				ENABLE_STRICT_OBJC_MSGSEND = YES;
				GCC_C_LANGUAGE_STANDARD = gnu99;
				GCC_NO_COMMON_BLOCKS = YES;
				GCC_WARN_64_TO_32_BIT_CONVERSION = YES;
				GCC_WARN_ABOUT_RETURN_TYPE = YES_ERROR;
				GCC_WARN_UNDECLARED_SELECTOR = YES;
				GCC_WARN_UNINITIALIZED_AUTOS = YES_AGGRESSIVE;
				GCC_WARN_UNUSED_FUNCTION = YES;
				GCC_WARN_UNUSED_VARIABLE = YES;
				MACOSX_DEPLOYMENT_TARGET = 10.12;
				MTL_ENABLE_DEBUG_INFO = NO;
				SDKROOT = macosx;
			};
			name = Release;
		};
		FABFF6CE1DD0F73D00C2FF17 /* Debug */ = {
			isa = XCBuildConfiguration;
			buildSettings = {
				PRODUCT_NAME = "$(TARGET_NAME)";
			};
			name = Debug;
		};
		FABFF6CF1DD0F73D00C2FF17 /* Release */ = {
			isa = XCBuildConfiguration;
			buildSettings = {
				PRODUCT_NAME = "$(TARGET_NAME)";
			};
			name = Release;
		};
/* End XCBuildConfiguration section */

/* Begin XCConfigurationList section */
		FABFF6C11DD0F73C00C2FF17 /* Build configuration list for PBXProject "a4-code-html-safe" */ = {
			isa = XCConfigurationList;
			buildConfigurations = (
				FABFF6CB1DD0F73D00C2FF17 /* Debug */,
				FABFF6CC1DD0F73D00C2FF17 /* Release */,
			);
			defaultConfigurationIsVisible = 0;
			defaultConfigurationName = Release;
		};
		FABFF6CD1DD0F73D00C2FF17 /* Build configuration list for PBXNativeTarget "a4-code-html-safe" */ = {
			isa = XCConfigurationList;
			buildConfigurations = (
				FABFF6CE1DD0F73D00C2FF17 /* Debug */,
				FABFF6CF1DD0F73D00C2FF17 /* Release */,
			);
			defaultConfigurationIsVisible = 0;
		};
/* End XCConfigurationList section */
	};
	rootObject = FABFF6BE1DD0F73C00C2FF17 /* Project object */;
}
